# This file is autogenerated, do not edit; changes may be undone by the next 'dep ensure'.


[[projects]]
  name = "github.com/golang/mock"
  packages = ["gomock"]
  revision = "93f6609a15b7de76bd49259f1f9a6b58df358936"

[solve-meta]
  analyzer-name = "dep"
  analyzer-version = 1
  inputs-digest = "63aacfbe66b5dd786eada9c51f7f0d5226130f9339fcca687fc56c3116326ae7"
  solver-name = "gps-cdcl"
  solver-version = 1
